
Microsoft Visual Studio Solution File, Format Version 12.00
# Visual Studio Version 17
VisualStudioVersion = 17.5.33516.290
MinimumVisualStudioVersion = 10.0.40219.1
Project("{FAE04EC0-301F-11D3-BF4B-00C04F79EFBC}") = "Product_ASP.Net", "Product_ASP.Net.csproj", "{FB8B109B-FD6E-4F9B-86AC-5F5CF3DF8DCC}"
EndProject
Global
	GlobalSection(SolutionConfigurationPlatforms) = preSolution
		Debug|Any CPU = Debug|Any CPU
		Release|Any CPU = Release|Any CPU
	EndGlobalSection
	GlobalSection(ProjectConfigurationPlatforms) = postSolution
		{FB8B109B-FD6E-4F9B-86AC-5F5CF3DF8DCC}.Debug|Any CPU.ActiveCfg = Debug|Any CPU
		{FB8B109B-FD6E-4F9B-86AC-5F5CF3DF8DCC}.Debug|Any CPU.Build.0 = Debug|Any CPU
		{FB8B109B-FD6E-4F9B-86AC-5F5CF3DF8DCC}.Release|Any CPU.ActiveCfg = Release|Any CPU
		{FB8B109B-FD6E-4F9B-86AC-5F5CF3DF8DCC}.Release|Any CPU.Build.0 = Release|Any CPU
	EndGlobalSection
	GlobalSection(SolutionProperties) = preSolution
		HideSolutionNode = FALSE
	EndGlobalSection
	GlobalSection(ExtensibilityGlobals) = postSolution
		SolutionGuid = {D5C77603-1D7E-4F9E-8B17-4BAE67590134}
	EndGlobalSection
EndGlobal
